// !$*UTF8*$!
{
	archiveVersion = 1;
	classes = {
	};
	objectVersion = 50;
	objects = {

/* Begin PBXBuildFile section */
		0C23241921A08B90001F9BE3 /* GoogleService-Info.plist in Resources */ = {isa = PBXBuildFile; fileRef = 0C2CFDCA2184F1C1003EFE75 /* GoogleService-Info.plist */; };
		0C2602252197336E00AE59F7 /* DriverAnnotation.swift in Sources */ = {isa = PBXBuildFile; fileRef = 0C2602242197336E00AE59F7 /* DriverAnnotation.swift */; };
		0C26022721A0733900AE59F7 /* PassengerAnnotation.swift in Sources */ = {isa = PBXBuildFile; fileRef = 0C26022621A0733900AE59F7 /* PassengerAnnotation.swift */; };
		0C2CFDCE2184F448003EFE75 /* DataService.swift in Sources */ = {isa = PBXBuildFile; fileRef = 0C2CFDCD2184F448003EFE75 /* DataService.swift */; };
		0C5463452193BC3600E5A640 /* UpdateService.swift in Sources */ = {isa = PBXBuildFile; fileRef = 0C5463442193BC3600E5A640 /* UpdateService.swift */; };
		0CC44189216ED32D00BF19B0 /* GradientView.swift in Sources */ = {isa = PBXBuildFile; fileRef = 0CC44188216ED32D00BF19B0 /* GradientView.swift */; };
		0CC4418B2173FEB000BF19B0 /* RoundImageView.swift in Sources */ = {isa = PBXBuildFile; fileRef = 0CC4418A2173FEB000BF19B0 /* RoundImageView.swift */; };
		0CC4418D2174026600BF19B0 /* RoundedShadowView.swift in Sources */ = {isa = PBXBuildFile; fileRef = 0CC4418C2174026600BF19B0 /* RoundedShadowView.swift */; };
		0CC4418F2174048E00BF19B0 /* CircleView.swift in Sources */ = {isa = PBXBuildFile; fileRef = 0CC4418E2174048E00BF19B0 /* CircleView.swift */; };
		0CC44191217406F700BF19B0 /* RoundedShadowButton.swift in Sources */ = {isa = PBXBuildFile; fileRef = 0CC44190217406F700BF19B0 /* RoundedShadowButton.swift */; };
		0CC4419321756BCD00BF19B0 /* LeftSidePanelVC.swift in Sources */ = {isa = PBXBuildFile; fileRef = 0CC4419221756BCD00BF19B0 /* LeftSidePanelVC.swift */; };
		0CC4419521756C9100BF19B0 /* ContainerVC.swift in Sources */ = {isa = PBXBuildFile; fileRef = 0CC4419421756C9100BF19B0 /* ContainerVC.swift */; };
		0CC4419821756F0F00BF19B0 /* CenterVCDelegate.swift in Sources */ = {isa = PBXBuildFile; fileRef = 0CC4419721756F0F00BF19B0 /* CenterVCDelegate.swift */; };
		0CC4419B2179635600BF19B0 /* UIViewExt.swift in Sources */ = {isa = PBXBuildFile; fileRef = 0CC4419A2179635600BF19B0 /* UIViewExt.swift */; };
		0CDE81712180E4A000F82FEC /* LoginVC.swift in Sources */ = {isa = PBXBuildFile; fileRef = 0CDE81702180E4A000F82FEC /* LoginVC.swift */; };
		0CDE81732180E81400F82FEC /* RoundedTextField.swift in Sources */ = {isa = PBXBuildFile; fileRef = 0CDE81722180E81400F82FEC /* RoundedTextField.swift */; };
		0CFDD73F216A91310016373D /* AppDelegate.swift in Sources */ = {isa = PBXBuildFile; fileRef = 0CFDD73E216A91310016373D /* AppDelegate.swift */; };
		0CFDD741216A91310016373D /* HomeVC.swift in Sources */ = {isa = PBXBuildFile; fileRef = 0CFDD740216A91310016373D /* HomeVC.swift */; };
		0CFDD744216A91310016373D /* Main.storyboard in Resources */ = {isa = PBXBuildFile; fileRef = 0CFDD742216A91310016373D /* Main.storyboard */; };
		0CFDD746216A91320016373D /* Assets.xcassets in Resources */ = {isa = PBXBuildFile; fileRef = 0CFDD745216A91320016373D /* Assets.xcassets */; };
		0CFDD749216A91320016373D /* LaunchScreen.storyboard in Resources */ = {isa = PBXBuildFile; fileRef = 0CFDD747216A91320016373D /* LaunchScreen.storyboard */; };
		65531D16AE44C305CE504D65 /* Pods_hitch_hiker.framework in Frameworks */ = {isa = PBXBuildFile; fileRef = 26B67ADA96754CA618AB5F14 /* Pods_hitch_hiker.framework */; };
/* End PBXBuildFile section */

/* Begin PBXFileReference section */
		0C2602242197336E00AE59F7 /* DriverAnnotation.swift */ = {isa = PBXFileReference; lastKnownFileType = sourcecode.swift; path = DriverAnnotation.swift; sourceTree = "<group>"; };
		0C26022621A0733900AE59F7 /* PassengerAnnotation.swift */ = {isa = PBXFileReference; lastKnownFileType = sourcecode.swift; path = PassengerAnnotation.swift; sourceTree = "<group>"; };
		0C2CFDCA2184F1C1003EFE75 /* GoogleService-Info.plist */ = {isa = PBXFileReference; fileEncoding = 4; lastKnownFileType = text.plist.xml; path = "GoogleService-Info.plist"; sourceTree = "<group>"; };
		0C2CFDCD2184F448003EFE75 /* DataService.swift */ = {isa = PBXFileReference; lastKnownFileType = sourcecode.swift; path = DataService.swift; sourceTree = "<group>"; };
		0C5463442193BC3600E5A640 /* UpdateService.swift */ = {isa = PBXFileReference; lastKnownFileType = sourcecode.swift; path = UpdateService.swift; sourceTree = "<group>"; };
		0CC44188216ED32D00BF19B0 /* GradientView.swift */ = {isa = PBXFileReference; lastKnownFileType = sourcecode.swift; path = GradientView.swift; sourceTree = "<group>"; };
		0CC4418A2173FEB000BF19B0 /* RoundImageView.swift */ = {isa = PBXFileReference; lastKnownFileType = sourcecode.swift; path = RoundImageView.swift; sourceTree = "<group>"; };
		0CC4418C2174026600BF19B0 /* RoundedShadowView.swift */ = {isa = PBXFileReference; lastKnownFileType = sourcecode.swift; path = RoundedShadowView.swift; sourceTree = "<group>"; };
		0CC4418E2174048E00BF19B0 /* CircleView.swift */ = {isa = PBXFileReference; lastKnownFileType = sourcecode.swift; path = CircleView.swift; sourceTree = "<group>"; };
		0CC44190217406F700BF19B0 /* RoundedShadowButton.swift */ = {isa = PBXFileReference; lastKnownFileType = sourcecode.swift; path = RoundedShadowButton.swift; sourceTree = "<group>"; };
		0CC4419221756BCD00BF19B0 /* LeftSidePanelVC.swift */ = {isa = PBXFileReference; lastKnownFileType = sourcecode.swift; path = LeftSidePanelVC.swift; sourceTree = "<group>"; };
		0CC4419421756C9100BF19B0 /* ContainerVC.swift */ = {isa = PBXFileReference; lastKnownFileType = sourcecode.swift; path = ContainerVC.swift; sourceTree = "<group>"; };
		0CC4419721756F0F00BF19B0 /* CenterVCDelegate.swift */ = {isa = PBXFileReference; lastKnownFileType = sourcecode.swift; path = CenterVCDelegate.swift; sourceTree = "<group>"; };
		0CC4419A2179635600BF19B0 /* UIViewExt.swift */ = {isa = PBXFileReference; lastKnownFileType = sourcecode.swift; path = UIViewExt.swift; sourceTree = "<group>"; };
		0CDE81702180E4A000F82FEC /* LoginVC.swift */ = {isa = PBXFileReference; lastKnownFileType = sourcecode.swift; path = LoginVC.swift; sourceTree = "<group>"; };
		0CDE81722180E81400F82FEC /* RoundedTextField.swift */ = {isa = PBXFileReference; lastKnownFileType = sourcecode.swift; path = RoundedTextField.swift; sourceTree = "<group>"; };
		0CFDD73B216A91310016373D /* hitch-hiker.app */ = {isa = PBXFileReference; explicitFileType = wrapper.application; includeInIndex = 0; path = "hitch-hiker.app"; sourceTree = BUILT_PRODUCTS_DIR; };
		0CFDD73E216A91310016373D /* AppDelegate.swift */ = {isa = PBXFileReference; lastKnownFileType = sourcecode.swift; path = AppDelegate.swift; sourceTree = "<group>"; };
		0CFDD740216A91310016373D /* HomeVC.swift */ = {isa = PBXFileReference; lastKnownFileType = sourcecode.swift; path = HomeVC.swift; sourceTree = "<group>"; };
		0CFDD743216A91310016373D /* Base */ = {isa = PBXFileReference; lastKnownFileType = file.storyboard; name = Base; path = Base.lproj/Main.storyboard; sourceTree = "<group>"; };
		0CFDD745216A91320016373D /* Assets.xcassets */ = {isa = PBXFileReference; lastKnownFileType = folder.assetcatalog; path = Assets.xcassets; sourceTree = "<group>"; };
		0CFDD748216A91320016373D /* Base */ = {isa = PBXFileReference; lastKnownFileType = file.storyboard; name = Base; path = Base.lproj/LaunchScreen.storyboard; sourceTree = "<group>"; };
		0CFDD74A216A91320016373D /* Info.plist */ = {isa = PBXFileReference; lastKnownFileType = text.plist.xml; path = Info.plist; sourceTree = "<group>"; };
		26B67ADA96754CA618AB5F14 /* Pods_hitch_hiker.framework */ = {isa = PBXFileReference; explicitFileType = wrapper.framework; includeInIndex = 0; path = Pods_hitch_hiker.framework; sourceTree = BUILT_PRODUCTS_DIR; };
		50ADCCF1F7A5541E4476A342 /* Pods-hitch-hiker.debug.xcconfig */ = {isa = PBXFileReference; includeInIndex = 1; lastKnownFileType = text.xcconfig; name = "Pods-hitch-hiker.debug.xcconfig"; path = "Pods/Target Support Files/Pods-hitch-hiker/Pods-hitch-hiker.debug.xcconfig"; sourceTree = "<group>"; };
		BCF9F5F10974157607D4D117 /* Pods-hitch-hiker.release.xcconfig */ = {isa = PBXFileReference; includeInIndex = 1; lastKnownFileType = text.xcconfig; name = "Pods-hitch-hiker.release.xcconfig"; path = "Pods/Target Support Files/Pods-hitch-hiker/Pods-hitch-hiker.release.xcconfig"; sourceTree = "<group>"; };
/* End PBXFileReference section */

/* Begin PBXFrameworksBuildPhase section */
		0CFDD738216A91310016373D /* Frameworks */ = {
			isa = PBXFrameworksBuildPhase;
			buildActionMask = 2147483647;
			files = (
				65531D16AE44C305CE504D65 /* Pods_hitch_hiker.framework in Frameworks */,
			);
			runOnlyForDeploymentPostprocessing = 0;
		};
/* End PBXFrameworksBuildPhase section */

/* Begin PBXGroup section */
		0C2CFDCC2184F420003EFE75 /* Services */ = {
			isa = PBXGroup;
			children = (
				0C2CFDCD2184F448003EFE75 /* DataService.swift */,
				0C5463442193BC3600E5A640 /* UpdateService.swift */,
			);
			path = Services;
			sourceTree = "<group>";
		};
		0CC44185216ED1B600BF19B0 /* Controller */ = {
			isa = PBXGroup;
			children = (
				0CFDD740216A91310016373D /* HomeVC.swift */,
				0CC4419221756BCD00BF19B0 /* LeftSidePanelVC.swift */,
				0CC4419421756C9100BF19B0 /* ContainerVC.swift */,
				0CDE81702180E4A000F82FEC /* LoginVC.swift */,
			);
			path = Controller;
			sourceTree = "<group>";
		};
		0CC44186216ED1C300BF19B0 /* View */ = {
			isa = PBXGroup;
			children = (
				0CC44188216ED32D00BF19B0 /* GradientView.swift */,
				0CC4418A2173FEB000BF19B0 /* RoundImageView.swift */,
				0CC4418C2174026600BF19B0 /* RoundedShadowView.swift */,
				0CC4418E2174048E00BF19B0 /* CircleView.swift */,
				0CC44190217406F700BF19B0 /* RoundedShadowButton.swift */,
				0CDE81722180E81400F82FEC /* RoundedTextField.swift */,
				0C2602242197336E00AE59F7 /* DriverAnnotation.swift */,
				0C26022621A0733900AE59F7 /* PassengerAnnotation.swift */,
			);
			path = View;
			sourceTree = "<group>";
		};
		0CC44187216ED1CB00BF19B0 /* Model */ = {
			isa = PBXGroup;
			children = (
			);
			path = Model;
			sourceTree = "<group>";
		};
		0CC4419621756EEB00BF19B0 /* Protocols */ = {
			isa = PBXGroup;
			children = (
				0CC4419721756F0F00BF19B0 /* CenterVCDelegate.swift */,
			);
			path = Protocols;
			sourceTree = "<group>";
		};
		0CC441992179633D00BF19B0 /* Extensions */ = {
			isa = PBXGroup;
			children = (
				0CC4419A2179635600BF19B0 /* UIViewExt.swift */,
			);
			path = Extensions;
			sourceTree = "<group>";
		};
		0CFDD732216A91310016373D = {
			isa = PBXGroup;
			children = (
				0CFDD73D216A91310016373D /* hitch-hiker */,
				0CFDD73C216A91310016373D /* Products */,
				829D467ED83056CEC6191435 /* Pods */,
				6DC8E42094EA60B1E1FF5EB2 /* Frameworks */,
			);
			sourceTree = "<group>";
		};
		0CFDD73C216A91310016373D /* Products */ = {
			isa = PBXGroup;
			children = (
				0CFDD73B216A91310016373D /* hitch-hiker.app */,
			);
			name = Products;
			sourceTree = "<group>";
		};
		0CFDD73D216A91310016373D /* hitch-hiker */ = {
			isa = PBXGroup;
			children = (
				0C2CFDCC2184F420003EFE75 /* Services */,
				0CC441992179633D00BF19B0 /* Extensions */,
				0CC4419621756EEB00BF19B0 /* Protocols */,
				0CC44187216ED1CB00BF19B0 /* Model */,
				0CC44186216ED1C300BF19B0 /* View */,
				0CC44185216ED1B600BF19B0 /* Controller */,
				0CFDD73E216A91310016373D /* AppDelegate.swift */,
				0CFDD742216A91310016373D /* Main.storyboard */,
				0CFDD745216A91320016373D /* Assets.xcassets */,
				0CFDD747216A91320016373D /* LaunchScreen.storyboard */,
				0CFDD74A216A91320016373D /* Info.plist */,
				0C2CFDCA2184F1C1003EFE75 /* GoogleService-Info.plist */,
			);
			path = "hitch-hiker";
			sourceTree = "<group>";
		};
		6DC8E42094EA60B1E1FF5EB2 /* Frameworks */ = {
			isa = PBXGroup;
			children = (
				26B67ADA96754CA618AB5F14 /* Pods_hitch_hiker.framework */,
			);
			name = Frameworks;
			sourceTree = "<group>";
		};
		829D467ED83056CEC6191435 /* Pods */ = {
			isa = PBXGroup;
			children = (
				50ADCCF1F7A5541E4476A342 /* Pods-hitch-hiker.debug.xcconfig */,
				BCF9F5F10974157607D4D117 /* Pods-hitch-hiker.release.xcconfig */,
			);
			name = Pods;
			sourceTree = "<group>";
		};
/* End PBXGroup section */

/* Begin PBXNativeTarget section */
		0CFDD73A216A91310016373D /* hitch-hiker */ = {
			isa = PBXNativeTarget;
			buildConfigurationList = 0CFDD74D216A91320016373D /* Build configuration list for PBXNativeTarget "hitch-hiker" */;
			buildPhases = (
				511D1D26524CF4677132093C /* [CP] Check Pods Manifest.lock */,
				0CFDD737216A91310016373D /* Sources */,
				0CFDD738216A91310016373D /* Frameworks */,
				0CFDD739216A91310016373D /* Resources */,
				3E3D2D4475CC1268B5FCCDA0 /* [CP] Embed Pods Frameworks */,
			);
			buildRules = (
			);
			dependencies = (
			);
			name = "hitch-hiker";
			productName = "hitch-hiker";
			productReference = 0CFDD73B216A91310016373D /* hitch-hiker.app */;
			productType = "com.apple.product-type.application";
		};
/* End PBXNativeTarget section */

/* Begin PBXProject section */
		0CFDD733216A91310016373D /* Project object */ = {
			isa = PBXProject;
			attributes = {
				LastSwiftUpdateCheck = 1000;
				LastUpgradeCheck = 1000;
				ORGANIZATIONNAME = "Gregory Meyer";
				TargetAttributes = {
					0CFDD73A216A91310016373D = {
						CreatedOnToolsVersion = 10.0;
					};
				};
			};
			buildConfigurationList = 0CFDD736216A91310016373D /* Build configuration list for PBXProject "hitch-hiker" */;
			compatibilityVersion = "Xcode 9.3";
			developmentRegion = en;
			hasScannedForEncodings = 0;
			knownRegions = (
				en,
				Base,
			);
			mainGroup = 0CFDD732216A91310016373D;
			productRefGroup = 0CFDD73C216A91310016373D /* Products */;
			projectDirPath = "";
			projectRoot = "";
			targets = (
				0CFDD73A216A91310016373D /* hitch-hiker */,
			);
		};
/* End PBXProject section */

/* Begin PBXResourcesBuildPhase section */
		0CFDD739216A91310016373D /* Resources */ = {
			isa = PBXResourcesBuildPhase;
			buildActionMask = 2147483647;
			files = (
				0CFDD749216A91320016373D /* LaunchScreen.storyboard in Resources */,
				0C23241921A08B90001F9BE3 /* GoogleService-Info.plist in Resources */,
				0CFDD746216A91320016373D /* Assets.xcassets in Resources */,
				0CFDD744216A91310016373D /* Main.storyboard in Resources */,
			);
			runOnlyForDeploymentPostprocessing = 0;
		};
/* End PBXResourcesBuildPhase section */

/* Begin PBXShellScriptBuildPhase section */
		3E3D2D4475CC1268B5FCCDA0 /* [CP] Embed Pods Frameworks */ = {
			isa = PBXShellScriptBuildPhase;
			buildActionMask = 2147483647;
			files = (
			);
			inputFileListPaths = (
			);
			inputPaths = (
				"${SRCROOT}/Pods/Target Support Files/Pods-hitch-hiker/Pods-hitch-hiker-frameworks.sh",
				"${BUILT_PRODUCTS_DIR}/GTMSessionFetcher/GTMSessionFetcher.framework",
				"${BUILT_PRODUCTS_DIR}/GoogleUtilities/GoogleUtilities.framework",
				"${BUILT_PRODUCTS_DIR}/RevealingSplashView/RevealingSplashView.framework",
				"${BUILT_PRODUCTS_DIR}/leveldb-library/leveldb.framework",
				"${BUILT_PRODUCTS_DIR}/nanopb/nanopb.framework",
			);
			name = "[CP] Embed Pods Frameworks";
			outputFileListPaths = (
			);
			outputPaths = (
				"${TARGET_BUILD_DIR}/${FRAMEWORKS_FOLDER_PATH}/GTMSessionFetcher.framework",
				"${TARGET_BUILD_DIR}/${FRAMEWORKS_FOLDER_PATH}/GoogleUtilities.framework",
				"${TARGET_BUILD_DIR}/${FRAMEWORKS_FOLDER_PATH}/RevealingSplashView.framework",
				"${TARGET_BUILD_DIR}/${FRAMEWORKS_FOLDER_PATH}/leveldb.framework",
				"${TARGET_BUILD_DIR}/${FRAMEWORKS_FOLDER_PATH}/nanopb.framework",
			);
			runOnlyForDeploymentPostprocessing = 0;
			shellPath = /bin/sh;
			shellScript = "\"${SRCROOT}/Pods/Target Support Files/Pods-hitch-hiker/Pods-hitch-hiker-frameworks.sh\"\n";
			showEnvVarsInLog = 0;
		};
		511D1D26524CF4677132093C /* [CP] Check Pods Manifest.lock */ = {
			isa = PBXShellScriptBuildPhase;
			buildActionMask = 2147483647;
			files = (
			);
			inputFileListPaths = (
			);
			inputPaths = (
				"${PODS_PODFILE_DIR_PATH}/Podfile.lock",
				"${PODS_ROOT}/Manifest.lock",
			);
			name = "[CP] Check Pods Manifest.lock";
			outputFileListPaths = (
			);
			outputPaths = (
				"$(DERIVED_FILE_DIR)/Pods-hitch-hiker-checkManifestLockResult.txt",
			);
			runOnlyForDeploymentPostprocessing = 0;
			shellPath = /bin/sh;
			shellScript = "diff \"${PODS_PODFILE_DIR_PATH}/Podfile.lock\" \"${PODS_ROOT}/Manifest.lock\" > /dev/null\nif [ $? != 0 ] ; then\n    # print error to STDERR\n    echo \"error: The sandbox is not in sync with the Podfile.lock. Run 'pod install' or update your CocoaPods installation.\" >&2\n    exit 1\nfi\n# This output is used by Xcode 'outputs' to avoid re-running this script phase.\necho \"SUCCESS\" > \"${SCRIPT_OUTPUT_FILE_0}\"\n";
			showEnvVarsInLog = 0;
		};
/* End PBXShellScriptBuildPhase section */

/* Begin PBXSourcesBuildPhase section */
		0CFDD737216A91310016373D /* Sources */ = {
			isa = PBXSourcesBuildPhase;
			buildActionMask = 2147483647;
			files = (
				0CC4419521756C9100BF19B0 /* ContainerVC.swift in Sources */,
				0C2CFDCE2184F448003EFE75 /* DataService.swift in Sources */,
				0CC4419821756F0F00BF19B0 /* CenterVCDelegate.swift in Sources */,
				0CDE81712180E4A000F82FEC /* LoginVC.swift in Sources */,
				0CDE81732180E81400F82FEC /* RoundedTextField.swift in Sources */,
				0CC44191217406F700BF19B0 /* RoundedShadowButton.swift in Sources */,
				0CC4419321756BCD00BF19B0 /* LeftSidePanelVC.swift in Sources */,
				0C26022721A0733900AE59F7 /* PassengerAnnotation.swift in Sources */,
				0CC4418F2174048E00BF19B0 /* CircleView.swift in Sources */,
				0C2602252197336E00AE59F7 /* DriverAnnotation.swift in Sources */,
				0CC4419B2179635600BF19B0 /* UIViewExt.swift in Sources */,
				0C5463452193BC3600E5A640 /* UpdateService.swift in Sources */,
				0CFDD741216A91310016373D /* HomeVC.swift in Sources */,
				0CC4418B2173FEB000BF19B0 /* RoundImageView.swift in Sources */,
				0CC4418D2174026600BF19B0 /* RoundedShadowView.swift in Sources */,
				0CFDD73F216A91310016373D /* AppDelegate.swift in Sources */,
				0CC44189216ED32D00BF19B0 /* GradientView.swift in Sources */,
			);
			runOnlyForDeploymentPostprocessing = 0;
		};
/* End PBXSourcesBuildPhase section */

/* Begin PBXVariantGroup section */
		0CFDD742216A91310016373D /* Main.storyboard */ = {
			isa = PBXVariantGroup;
			children = (
				0CFDD743216A91310016373D /* Base */,
			);
			name = Main.storyboard;
			sourceTree = "<group>";
		};
		0CFDD747216A91320016373D /* LaunchScreen.storyboard */ = {
			isa = PBXVariantGroup;
			children = (
				0CFDD748216A91320016373D /* Base */,
			);
			name = LaunchScreen.storyboard;
			sourceTree = "<group>";
		};
/* End PBXVariantGroup section */

/* Begin XCBuildConfiguration section */
		0CFDD74B216A91320016373D /* Debug */ = {
			isa = XCBuildConfiguration;
			buildSettings = {
				ALWAYS_SEARCH_USER_PATHS = NO;
				CLANG_ANALYZER_NONNULL = YES;
				CLANG_ANALYZER_NUMBER_OBJECT_CONVERSION = YES_AGGRESSIVE;
				CLANG_CXX_LANGUAGE_STANDARD = "gnu++14";
				CLANG_CXX_LIBRARY = "libc++";
				CLANG_ENABLE_MODULES = YES;
				CLANG_ENABLE_OBJC_ARC = YES;
				CLANG_ENABLE_OBJC_WEAK = YES;
				CLANG_WARN_BLOCK_CAPTURE_AUTORELEASING = YES;
				CLANG_WARN_BOOL_CONVERSION = YES;
				CLANG_WARN_COMMA = YES;
				CLANG_WARN_CONSTANT_CONVERSION = YES;
				CLANG_WARN_DEPRECATED_OBJC_IMPLEMENTATIONS = YES;
				CLANG_WARN_DIRECT_OBJC_ISA_USAGE = YES_ERROR;
				CLANG_WARN_DOCUMENTATION_COMMENTS = YES;
				CLANG_WARN_EMPTY_BODY = YES;
				CLANG_WARN_ENUM_CONVERSION = YES;
				CLANG_WARN_INFINITE_RECURSION = YES;
				CLANG_WARN_INT_CONVERSION = YES;
				CLANG_WARN_NON_LITERAL_NULL_CONVERSION = YES;
				CLANG_WARN_OBJC_IMPLICIT_RETAIN_SELF = YES;
				CLANG_WARN_OBJC_LITERAL_CONVERSION = YES;
				CLANG_WARN_OBJC_ROOT_CLASS = YES_ERROR;
				CLANG_WARN_RANGE_LOOP_ANALYSIS = YES;
				CLANG_WARN_STRICT_PROTOTYPES = YES;
				CLANG_WARN_SUSPICIOUS_MOVE = YES;
				CLANG_WARN_UNGUARDED_AVAILABILITY = YES_AGGRESSIVE;
				CLANG_WARN_UNREACHABLE_CODE = YES;
				CLANG_WARN__DUPLICATE_METHOD_MATCH = YES;
				CODE_SIGN_IDENTITY = "iPhone Developer";
				COPY_PHASE_STRIP = NO;
				DEBUG_INFORMATION_FORMAT = dwarf;
				ENABLE_STRICT_OBJC_MSGSEND = YES;
				ENABLE_TESTABILITY = YES;
				GCC_C_LANGUAGE_STANDARD = gnu11;
				GCC_DYNAMIC_NO_PIC = NO;
				GCC_NO_COMMON_BLOCKS = YES;
				GCC_OPTIMIZATION_LEVEL = 0;
				GCC_PREPROCESSOR_DEFINITIONS = (
					"DEBUG=1",
					"$(inherited)",
				);
				GCC_WARN_64_TO_32_BIT_CONVERSION = YES;
				GCC_WARN_ABOUT_RETURN_TYPE = YES_ERROR;
				GCC_WARN_UNDECLARED_SELECTOR = YES;
				GCC_WARN_UNINITIALIZED_AUTOS = YES_AGGRESSIVE;
				GCC_WARN_UNUSED_FUNCTION = YES;
				GCC_WARN_UNUSED_VARIABLE = YES;
				IPHONEOS_DEPLOYMENT_TARGET = 12.0;
				MTL_ENABLE_DEBUG_INFO = INCLUDE_SOURCE;
				MTL_FAST_MATH = YES;
				ONLY_ACTIVE_ARCH = YES;
				SDKROOT = iphoneos;
				SWIFT_ACTIVE_COMPILATION_CONDITIONS = DEBUG;
				SWIFT_OPTIMIZATION_LEVEL = "-Onone";
			};
			name = Debug;
		};
		0CFDD74C216A91320016373D /* Release */ = {
			isa = XCBuildConfiguration;
			buildSettings = {
				ALWAYS_SEARCH_USER_PATHS = NO;
				CLANG_ANALYZER_NONNULL = YES;
				CLANG_ANALYZER_NUMBER_OBJECT_CONVERSION = YES_AGGRESSIVE;
				CLANG_CXX_LANGUAGE_STANDARD = "gnu++14";
				CLANG_CXX_LIBRARY = "libc++";
				CLANG_ENABLE_MODULES = YES;
				CLANG_ENABLE_OBJC_ARC = YES;
				CLANG_ENABLE_OBJC_WEAK = YES;
				CLANG_WARN_BLOCK_CAPTURE_AUTORELEASING = YES;
				CLANG_WARN_BOOL_CONVERSION = YES;
				CLANG_WARN_COMMA = YES;
				CLANG_WARN_CONSTANT_CONVERSION = YES;
				CLANG_WARN_DEPRECATED_OBJC_IMPLEMENTATIONS = YES;
				CLANG_WARN_DIRECT_OBJC_ISA_USAGE = YES_ERROR;
				CLANG_WARN_DOCUMENTATION_COMMENTS = YES;
				CLANG_WARN_EMPTY_BODY = YES;
				CLANG_WARN_ENUM_CONVERSION = YES;
				CLANG_WARN_INFINITE_RECURSION = YES;
				CLANG_WARN_INT_CONVERSION = YES;
				CLANG_WARN_NON_LITERAL_NULL_CONVERSION = YES;
				CLANG_WARN_OBJC_IMPLICIT_RETAIN_SELF = YES;
				CLANG_WARN_OBJC_LITERAL_CONVERSION = YES;
				CLANG_WARN_OBJC_ROOT_CLASS = YES_ERROR;
				CLANG_WARN_RANGE_LOOP_ANALYSIS = YES;
				CLANG_WARN_STRICT_PROTOTYPES = YES;
				CLANG_WARN_SUSPICIOUS_MOVE = YES;
				CLANG_WARN_UNGUARDED_AVAILABILITY = YES_AGGRESSIVE;
				CLANG_WARN_UNREACHABLE_CODE = YES;
				CLANG_WARN__DUPLICATE_METHOD_MATCH = YES;
				CODE_SIGN_IDENTITY = "iPhone Developer";
				COPY_PHASE_STRIP = NO;
				DEBUG_INFORMATION_FORMAT = "dwarf-with-dsym";
				ENABLE_NS_ASSERTIONS = NO;
				ENABLE_STRICT_OBJC_MSGSEND = YES;
				GCC_C_LANGUAGE_STANDARD = gnu11;
				GCC_NO_COMMON_BLOCKS = YES;
				GCC_WARN_64_TO_32_BIT_CONVERSION = YES;
				GCC_WARN_ABOUT_RETURN_TYPE = YES_ERROR;
				GCC_WARN_UNDECLARED_SELECTOR = YES;
				GCC_WARN_UNINITIALIZED_AUTOS = YES_AGGRESSIVE;
				GCC_WARN_UNUSED_FUNCTION = YES;
				GCC_WARN_UNUSED_VARIABLE = YES;
				IPHONEOS_DEPLOYMENT_TARGET = 12.0;
				MTL_ENABLE_DEBUG_INFO = NO;
				MTL_FAST_MATH = YES;
				SDKROOT = iphoneos;
				SWIFT_COMPILATION_MODE = wholemodule;
				SWIFT_OPTIMIZATION_LEVEL = "-O";
				VALIDATE_PRODUCT = YES;
			};
			name = Release;
		};
		0CFDD74E216A91320016373D /* Debug */ = {
			isa = XCBuildConfiguration;
			baseConfigurationReference = 50ADCCF1F7A5541E4476A342 /* Pods-hitch-hiker.debug.xcconfig */;
			buildSettings = {
				ASSETCATALOG_COMPILER_APPICON_NAME = AppIcon;
				CODE_SIGN_STYLE = Automatic;
				DEVELOPMENT_TEAM = BMW782DLU4;
				INFOPLIST_FILE = "hitch-hiker/Info.plist";
				LD_RUNPATH_SEARCH_PATHS = (
					"$(inherited)",
					"@executable_path/Frameworks",
				);
				PRODUCT_BUNDLE_IDENTIFIER = "na.hitch-hiker";
				PRODUCT_NAME = "$(TARGET_NAME)";
				SWIFT_VERSION = 4.2;
				TARGETED_DEVICE_FAMILY = "1,2";
			};
			name = Debug;
		};
		0CFDD74F216A91320016373D /* Release */ = {
			isa = XCBuildConfiguration;
			baseConfigurationReference = BCF9F5F10974157607D4D117 /* Pods-hitch-hiker.release.xcconfig */;
			buildSettings = {
				ASSETCATALOG_COMPILER_APPICON_NAME = AppIcon;
				CODE_SIGN_STYLE = Automatic;
				DEVELOPMENT_TEAM = BMW782DLU4;
				INFOPLIST_FILE = "hitch-hiker/Info.plist";
				LD_RUNPATH_SEARCH_PATHS = (
					"$(inherited)",
					"@executable_path/Frameworks",
				);
				PRODUCT_BUNDLE_IDENTIFIER = "na.hitch-hiker";
				PRODUCT_NAME = "$(TARGET_NAME)";
				SWIFT_VERSION = 4.2;
				TARGETED_DEVICE_FAMILY = "1,2";
			};
			name = Release;
		};
/* End XCBuildConfiguration section */

/* Begin XCConfigurationList section */
		0CFDD736216A91310016373D /* Build configuration list for PBXProject "hitch-hiker" */ = {
			isa = XCConfigurationList;
			buildConfigurations = (
				0CFDD74B216A91320016373D /* Debug */,
				0CFDD74C216A91320016373D /* Release */,
			);
			defaultConfigurationIsVisible = 0;
			defaultConfigurationName = Release;
		};
		0CFDD74D216A91320016373D /* Build configuration list for PBXNativeTarget "hitch-hiker" */ = {
			isa = XCConfigurationList;
			buildConfigurations = (
				0CFDD74E216A91320016373D /* Debug */,
				0CFDD74F216A91320016373D /* Release */,
			);
			defaultConfigurationIsVisible = 0;
			defaultConfigurationName = Release;
		};
/* End XCConfigurationList section */
	};
	rootObject = 0CFDD733216A91310016373D /* Project object */;
}
